// !$*UTF8*$!
{
	archiveVersion = 1;
	classes = {
	};
	objectVersion = 50;
	objects = {

/* Begin PBXBuildFile section */
		F218F4A62585C50A00946C47 /* SimpleAnimationBinding.swift in Sources */ = {isa = PBXBuildFile; fileRef = F218F4A52585C50A00946C47 /* SimpleAnimationBinding.swift */; };
		F218F4A92585C70200946C47 /* SimpleThreeD.swift in Sources */ = {isa = PBXBuildFile; fileRef = F218F4A82585C70200946C47 /* SimpleThreeD.swift */; };
		F218F4AE2585D88E00946C47 /* SimpleState.swift in Sources */ = {isa = PBXBuildFile; fileRef = F218F4AD2585D88E00946C47 /* SimpleState.swift */; };
		F218F4B22585E04300946C47 /* SimpleOndelete.swift in Sources */ = {isa = PBXBuildFile; fileRef = F218F4B12585E04300946C47 /* SimpleOndelete.swift */; };
		F218F4B52585E2D500946C47 /* UserDefault.swift in Sources */ = {isa = PBXBuildFile; fileRef = F218F4B42585E2D500946C47 /* UserDefault.swift */; };
		F218F4B92585E5BB00946C47 /* SimpleExpense.swift in Sources */ = {isa = PBXBuildFile; fileRef = F218F4B82585E5BB00946C47 /* SimpleExpense.swift */; };
		F218F4BD2585E5EA00946C47 /* ExpenseItem.swift in Sources */ = {isa = PBXBuildFile; fileRef = F218F4BC2585E5EA00946C47 /* ExpenseItem.swift */; };
		F218F4C02585E62500946C47 /* Expenses.swift in Sources */ = {isa = PBXBuildFile; fileRef = F218F4BF2585E62500946C47 /* Expenses.swift */; };
		F24B12F22584D53300BFF1D5 /* SectionBetterSleepView.swift in Sources */ = {isa = PBXBuildFile; fileRef = F24B12F12584D53300BFF1D5 /* SectionBetterSleepView.swift */; };
		F2623AE7257BB216006D91B7 /* iOSCollectorApp.swift in Sources */ = {isa = PBXBuildFile; fileRef = F2623AE6257BB216006D91B7 /* iOSCollectorApp.swift */; };
		F2623AE9257BB216006D91B7 /* ContentView.swift in Sources */ = {isa = PBXBuildFile; fileRef = F2623AE8257BB216006D91B7 /* ContentView.swift */; };
		F2623AEB257BB217006D91B7 /* Assets.xcassets in Resources */ = {isa = PBXBuildFile; fileRef = F2623AEA257BB217006D91B7 /* Assets.xcassets */; };
		F2623AEE257BB217006D91B7 /* Preview Assets.xcassets in Resources */ = {isa = PBXBuildFile; fileRef = F2623AED257BB217006D91B7 /* Preview Assets.xcassets */; };
		F2623AF8257BB538006D91B7 /* ListView.swift in Sources */ = {isa = PBXBuildFile; fileRef = F2623AF7257BB538006D91B7 /* ListView.swift */; };
		F2623AFC257BBC1F006D91B7 /* NaviLinkView.swift in Sources */ = {isa = PBXBuildFile; fileRef = F2623AFB257BBC1F006D91B7 /* NaviLinkView.swift */; };
		F27AD201257D1AE300925DA5 /* EnvironmentView.swift in Sources */ = {isa = PBXBuildFile; fileRef = F27AD200257D1AE300925DA5 /* EnvironmentView.swift */; };
		F27AD205257D1B3A00925DA5 /* MyModelObject.swift in Sources */ = {isa = PBXBuildFile; fileRef = F27AD204257D1B3A00925DA5 /* MyModelObject.swift */; };
		F27AD209257E650300925DA5 /* PodcastPlayer.swift in Sources */ = {isa = PBXBuildFile; fileRef = F27AD208257E650300925DA5 /* PodcastPlayer.swift */; };
		F27AD20D257E653100925DA5 /* EpisodesView.swift in Sources */ = {isa = PBXBuildFile; fileRef = F27AD20C257E653100925DA5 /* EpisodesView.swift */; };
		F27AD210257E669300925DA5 /* NumberCount.swift in Sources */ = {isa = PBXBuildFile; fileRef = F27AD20F257E669300925DA5 /* NumberCount.swift */; };
		F27AD213257E677700925DA5 /* NumberView.swift in Sources */ = {isa = PBXBuildFile; fileRef = F27AD212257E677700925DA5 /* NumberView.swift */; };
		F27AD2192581177200925DA5 /* FormView.swift in Sources */ = {isa = PBXBuildFile; fileRef = F27AD2182581177200925DA5 /* FormView.swift */; };
		F27AD23C2582693400925DA5 /* SwiftImageView.swift in Sources */ = {isa = PBXBuildFile; fileRef = F27AD23B2582693400925DA5 /* SwiftImageView.swift */; };
		F27AD241258269EB00925DA5 /* SwiftAlertView.swift in Sources */ = {isa = PBXBuildFile; fileRef = F27AD240258269EB00925DA5 /* SwiftAlertView.swift */; };
		F27AD24725826C0C00925DA5 /* FlagView.swift in Sources */ = {isa = PBXBuildFile; fileRef = F27AD24625826C0C00925DA5 /* FlagView.swift */; };
		F27AD24B2583B45500925DA5 /* SimpleView.swift in Sources */ = {isa = PBXBuildFile; fileRef = F27AD24A2583B45500925DA5 /* SimpleView.swift */; };
		F27AD2502583BE8500925DA5 /* SimpleGridView.swift in Sources */ = {isa = PBXBuildFile; fileRef = F27AD24F2583BE8500925DA5 /* SimpleGridView.swift */; };
		F27AD2552584776E00925DA5 /* SimpleBindingView.swift in Sources */ = {isa = PBXBuildFile; fileRef = F27AD2542584776E00925DA5 /* SimpleBindingView.swift */; };
		F27AD25A258479CD00925DA5 /* GuessRockView.swift in Sources */ = {isa = PBXBuildFile; fileRef = F27AD259258479CD00925DA5 /* GuessRockView.swift */; };
		F27FE5F225879E9B00EAC019 /* MissionView.swift in Sources */ = {isa = PBXBuildFile; fileRef = F27FE5F125879E9B00EAC019 /* MissionView.swift */; };
		F27FE5F52587A17100EAC019 /* AstronautView.swift in Sources */ = {isa = PBXBuildFile; fileRef = F27FE5F42587A17100EAC019 /* AstronautView.swift */; };
		F27FE5F8258A3B2A00EAC019 /* ChallengeMoonshot.swift in Sources */ = {isa = PBXBuildFile; fileRef = F27FE5F7258A3B2A00EAC019 /* ChallengeMoonshot.swift */; };
		F27FE5FB258A3E5100EAC019 /* ChallengeAstronautView.swift in Sources */ = {isa = PBXBuildFile; fileRef = F27FE5FA258A3E5100EAC019 /* ChallengeAstronautView.swift */; };
		F284958F2584E7DE00D5E85E /* SimpleWordScramble.swift in Sources */ = {isa = PBXBuildFile; fileRef = F284958E2584E7DE00D5E85E /* SimpleWordScramble.swift */; };
		F28495942584EA4D00D5E85E /* start.txt in Resources */ = {isa = PBXBuildFile; fileRef = F28495932584EA4D00D5E85E /* start.txt */; };
		F28495972584F60B00D5E85E /* ChallengeWordScramble.swift in Sources */ = {isa = PBXBuildFile; fileRef = F28495962584F60B00D5E85E /* ChallengeWordScramble.swift */; };
		F284959B2585BF5100D5E85E /* SimpleAnimation.swift in Sources */ = {isa = PBXBuildFile; fileRef = F284959A2585BF5100D5E85E /* SimpleAnimation.swift */; };
		F2B19CA9258F2A3D000650FC /* SimpleDraw.swift in Sources */ = {isa = PBXBuildFile; fileRef = F2B19CA8258F2A3D000650FC /* SimpleDraw.swift */; };
		F2B19CAC258F2C87000650FC /* SimpleShapeStyle.swift in Sources */ = {isa = PBXBuildFile; fileRef = F2B19CAB258F2C87000650FC /* SimpleShapeStyle.swift */; };
		F2B19CAF258F2D3C000650FC /* SimpleShape.swift in Sources */ = {isa = PBXBuildFile; fileRef = F2B19CAE258F2D3C000650FC /* SimpleShape.swift */; };
		F2B19CB2258F3095000650FC /* SimpleCG.swift in Sources */ = {isa = PBXBuildFile; fileRef = F2B19CB1258F3095000650FC /* SimpleCG.swift */; };
		F2B19CB5258F3267000650FC /* SimpleImagePaint.swift in Sources */ = {isa = PBXBuildFile; fileRef = F2B19CB4258F3267000650FC /* SimpleImagePaint.swift */; };
		F2B19CB8258F3422000650FC /* SimpleMetal.swift in Sources */ = {isa = PBXBuildFile; fileRef = F2B19CB7258F3422000650FC /* SimpleMetal.swift */; };
		F2B19CBB258F35AC000650FC /* SimpleSpecialEffect.swift in Sources */ = {isa = PBXBuildFile; fileRef = F2B19CBA258F35AC000650FC /* SimpleSpecialEffect.swift */; };
		F2B19CBE258F366D000650FC /* SimpleTrapezoid.swift in Sources */ = {isa = PBXBuildFile; fileRef = F2B19CBD258F366D000650FC /* SimpleTrapezoid.swift */; };
		F2B19CC2258F56F2000650FC /* SimpleCupcake.swift in Sources */ = {isa = PBXBuildFile; fileRef = F2B19CC1258F56F2000650FC /* SimpleCupcake.swift */; };
		F2B19CC6258F58A4000650FC /* Songs.swift in Sources */ = {isa = PBXBuildFile; fileRef = F2B19CC5258F58A4000650FC /* Songs.swift */; };
		F2B19CC9258F6871000650FC /* Order.swift in Sources */ = {isa = PBXBuildFile; fileRef = F2B19CC8258F6871000650FC /* Order.swift */; };
		F2B19CCC258F6A46000650FC /* CupCakeEntry.swift in Sources */ = {isa = PBXBuildFile; fileRef = F2B19CCB258F6A46000650FC /* CupCakeEntry.swift */; };
		F2B19CCF258F6C33000650FC /* AddressView.swift in Sources */ = {isa = PBXBuildFile; fileRef = F2B19CCE258F6C33000650FC /* AddressView.swift */; };
		F2B19CD2258F6CBE000650FC /* CheckoutView.swift in Sources */ = {isa = PBXBuildFile; fileRef = F2B19CD1258F6CBE000650FC /* CheckoutView.swift */; };
		F2D5AFBB257BC67E00B21E6E /* LoginFirstView.swift in Sources */ = {isa = PBXBuildFile; fileRef = F2D5AFBA257BC67E00B21E6E /* LoginFirstView.swift */; };
		F2D5AFBF257BC70400B21E6E /* Islogin.swift in Sources */ = {isa = PBXBuildFile; fileRef = F2D5AFBE257BC70400B21E6E /* Islogin.swift */; };
		F2D5AFC2257BC8A700B21E6E /* LoginrootView.swift in Sources */ = {isa = PBXBuildFile; fileRef = F2D5AFC1257BC8A700B21E6E /* LoginrootView.swift */; };
		F2D5AFC5257BC98F00B21E6E /* LoginSecondView.swift in Sources */ = {isa = PBXBuildFile; fileRef = F2D5AFC4257BC98F00B21E6E /* LoginSecondView.swift */; };
		F2D71B1D258657A4008E973F /* SimpleScrollView.swift in Sources */ = {isa = PBXBuildFile; fileRef = F2D71B1C258657A4008E973F /* SimpleScrollView.swift */; };
		F2D71B22258791DF008E973F /* missions.json in Resources */ = {isa = PBXBuildFile; fileRef = F2D71B20258791DF008E973F /* missions.json */; };
		F2D71B23258791DF008E973F /* astronauts.json in Resources */ = {isa = PBXBuildFile; fileRef = F2D71B21258791DF008E973F /* astronauts.json */; };
		F2D71B2A258792A3008E973F /* Astronaut.swift in Sources */ = {isa = PBXBuildFile; fileRef = F2D71B29258792A3008E973F /* Astronaut.swift */; };
		F2D71B2D258792FB008E973F /* Bundle-Decodable.swift in Sources */ = {isa = PBXBuildFile; fileRef = F2D71B2C258792FB008E973F /* Bundle-Decodable.swift */; };
		F2D71B3025879474008E973F /* SimpleMoonshotView.swift in Sources */ = {isa = PBXBuildFile; fileRef = F2D71B2F25879474008E973F /* SimpleMoonshotView.swift */; };
		F2D71B3325879525008E973F /* Mission.swift in Sources */ = {isa = PBXBuildFile; fileRef = F2D71B3225879525008E973F /* Mission.swift */; };
		F2E142592585E85700EFB91B /* AddView.swift in Sources */ = {isa = PBXBuildFile; fileRef = F2E142582585E85700EFB91B /* AddView.swift */; };
		F2E1425D2586335B00EFB91B /* ChallengeExpense.swift in Sources */ = {isa = PBXBuildFile; fileRef = F2E1425C2586335B00EFB91B /* ChallengeExpense.swift */; };
		F2E142602586344D00EFB91B /* AddViewChallenge.swift in Sources */ = {isa = PBXBuildFile; fileRef = F2E1425F2586344D00EFB91B /* AddViewChallenge.swift */; };
		F2EFF4AA2584A268000E2428 /* SimpleStepperView.swift in Sources */ = {isa = PBXBuildFile; fileRef = F2EFF4A92584A268000E2428 /* SimpleStepperView.swift */; };
		F2EFF4AF2584B494000E2428 /* SimpleBetterSleepView.swift in Sources */ = {isa = PBXBuildFile; fileRef = F2EFF4AE2584B494000E2428 /* SimpleBetterSleepView.swift */; };
		F2EFF4B32584B8AD000E2428 /* SleepCalculator.mlmodel in Sources */ = {isa = PBXBuildFile; fileRef = F2EFF4B22584B8AD000E2428 /* SleepCalculator.mlmodel */; };
/* End PBXBuildFile section */

/* Begin PBXFileReference section */
		F218F4A52585C50A00946C47 /* SimpleAnimationBinding.swift */ = {isa = PBXFileReference; lastKnownFileType = sourcecode.swift; path = SimpleAnimationBinding.swift; sourceTree = "<group>"; };
		F218F4A82585C70200946C47 /* SimpleThreeD.swift */ = {isa = PBXFileReference; lastKnownFileType = sourcecode.swift; path = SimpleThreeD.swift; sourceTree = "<group>"; };
		F218F4AD2585D88E00946C47 /* SimpleState.swift */ = {isa = PBXFileReference; lastKnownFileType = sourcecode.swift; path = SimpleState.swift; sourceTree = "<group>"; };
		F218F4B12585E04300946C47 /* SimpleOndelete.swift */ = {isa = PBXFileReference; lastKnownFileType = sourcecode.swift; path = SimpleOndelete.swift; sourceTree = "<group>"; };
		F218F4B42585E2D500946C47 /* UserDefault.swift */ = {isa = PBXFileReference; lastKnownFileType = sourcecode.swift; path = UserDefault.swift; sourceTree = "<group>"; };
		F218F4B82585E5BB00946C47 /* SimpleExpense.swift */ = {isa = PBXFileReference; lastKnownFileType = sourcecode.swift; path = SimpleExpense.swift; sourceTree = "<group>"; };
		F218F4BC2585E5EA00946C47 /* ExpenseItem.swift */ = {isa = PBXFileReference; lastKnownFileType = sourcecode.swift; path = ExpenseItem.swift; sourceTree = "<group>"; };
		F218F4BF2585E62500946C47 /* Expenses.swift */ = {isa = PBXFileReference; lastKnownFileType = sourcecode.swift; path = Expenses.swift; sourceTree = "<group>"; };
		F24B12F12584D53300BFF1D5 /* SectionBetterSleepView.swift */ = {isa = PBXFileReference; lastKnownFileType = sourcecode.swift; path = SectionBetterSleepView.swift; sourceTree = "<group>"; };
		F2623AE3257BB216006D91B7 /* iOSCollector.app */ = {isa = PBXFileReference; explicitFileType = wrapper.application; includeInIndex = 0; path = iOSCollector.app; sourceTree = BUILT_PRODUCTS_DIR; };
		F2623AE6257BB216006D91B7 /* iOSCollectorApp.swift */ = {isa = PBXFileReference; lastKnownFileType = sourcecode.swift; path = iOSCollectorApp.swift; sourceTree = "<group>"; };
		F2623AE8257BB216006D91B7 /* ContentView.swift */ = {isa = PBXFileReference; lastKnownFileType = sourcecode.swift; path = ContentView.swift; sourceTree = "<group>"; };
		F2623AEA257BB217006D91B7 /* Assets.xcassets */ = {isa = PBXFileReference; lastKnownFileType = folder.assetcatalog; path = Assets.xcassets; sourceTree = "<group>"; };
		F2623AED257BB217006D91B7 /* Preview Assets.xcassets */ = {isa = PBXFileReference; lastKnownFileType = folder.assetcatalog; path = "Preview Assets.xcassets"; sourceTree = "<group>"; };
		F2623AEF257BB217006D91B7 /* Info.plist */ = {isa = PBXFileReference; lastKnownFileType = text.plist.xml; path = Info.plist; sourceTree = "<group>"; };
		F2623AF7257BB538006D91B7 /* ListView.swift */ = {isa = PBXFileReference; lastKnownFileType = sourcecode.swift; path = ListView.swift; sourceTree = "<group>"; };
		F2623AFB257BBC1F006D91B7 /* NaviLinkView.swift */ = {isa = PBXFileReference; lastKnownFileType = sourcecode.swift; path = NaviLinkView.swift; sourceTree = "<group>"; };
		F27AD200257D1AE300925DA5 /* EnvironmentView.swift */ = {isa = PBXFileReference; lastKnownFileType = sourcecode.swift; path = EnvironmentView.swift; sourceTree = "<group>"; };
		F27AD204257D1B3A00925DA5 /* MyModelObject.swift */ = {isa = PBXFileReference; lastKnownFileType = sourcecode.swift; path = MyModelObject.swift; sourceTree = "<group>"; };
		F27AD208257E650300925DA5 /* PodcastPlayer.swift */ = {isa = PBXFileReference; lastKnownFileType = sourcecode.swift; path = PodcastPlayer.swift; sourceTree = "<group>"; };
		F27AD20C257E653100925DA5 /* EpisodesView.swift */ = {isa = PBXFileReference; lastKnownFileType = sourcecode.swift; path = EpisodesView.swift; sourceTree = "<group>"; };
		F27AD20F257E669300925DA5 /* NumberCount.swift */ = {isa = PBXFileReference; lastKnownFileType = sourcecode.swift; path = NumberCount.swift; sourceTree = "<group>"; };
		F27AD212257E677700925DA5 /* NumberView.swift */ = {isa = PBXFileReference; lastKnownFileType = sourcecode.swift; path = NumberView.swift; sourceTree = "<group>"; };
		F27AD215257FC46D00925DA5 /* MyPlayground.playground */ = {isa = PBXFileReference; lastKnownFileType = file.playground; path = MyPlayground.playground; sourceTree = "<group>"; xcLanguageSpecificationIdentifier = xcode.lang.swift; };
		F27AD2182581177200925DA5 /* FormView.swift */ = {isa = PBXFileReference; lastKnownFileType = sourcecode.swift; path = FormView.swift; sourceTree = "<group>"; };
		F27AD23B2582693400925DA5 /* SwiftImageView.swift */ = {isa = PBXFileReference; lastKnownFileType = sourcecode.swift; path = SwiftImageView.swift; sourceTree = "<group>"; };
		F27AD240258269EB00925DA5 /* SwiftAlertView.swift */ = {isa = PBXFileReference; lastKnownFileType = sourcecode.swift; path = SwiftAlertView.swift; sourceTree = "<group>"; };
		F27AD24625826C0C00925DA5 /* FlagView.swift */ = {isa = PBXFileReference; lastKnownFileType = sourcecode.swift; path = FlagView.swift; sourceTree = "<group>"; };
		F27AD24A2583B45500925DA5 /* SimpleView.swift */ = {isa = PBXFileReference; lastKnownFileType = sourcecode.swift; path = SimpleView.swift; sourceTree = "<group>"; };
		F27AD24F2583BE8500925DA5 /* SimpleGridView.swift */ = {isa = PBXFileReference; lastKnownFileType = sourcecode.swift; path = SimpleGridView.swift; sourceTree = "<group>"; };
		F27AD2542584776E00925DA5 /* SimpleBindingView.swift */ = {isa = PBXFileReference; lastKnownFileType = sourcecode.swift; path = SimpleBindingView.swift; sourceTree = "<group>"; };
		F27AD259258479CD00925DA5 /* GuessRockView.swift */ = {isa = PBXFileReference; lastKnownFileType = sourcecode.swift; path = GuessRockView.swift; sourceTree = "<group>"; };
		F27FE5F125879E9B00EAC019 /* MissionView.swift */ = {isa = PBXFileReference; lastKnownFileType = sourcecode.swift; path = MissionView.swift; sourceTree = "<group>"; };
		F27FE5F42587A17100EAC019 /* AstronautView.swift */ = {isa = PBXFileReference; lastKnownFileType = sourcecode.swift; path = AstronautView.swift; sourceTree = "<group>"; };
		F27FE5F7258A3B2A00EAC019 /* ChallengeMoonshot.swift */ = {isa = PBXFileReference; lastKnownFileType = sourcecode.swift; path = ChallengeMoonshot.swift; sourceTree = "<group>"; };
		F27FE5FA258A3E5100EAC019 /* ChallengeAstronautView.swift */ = {isa = PBXFileReference; lastKnownFileType = sourcecode.swift; path = ChallengeAstronautView.swift; sourceTree = "<group>"; };
		F284958E2584E7DE00D5E85E /* SimpleWordScramble.swift */ = {isa = PBXFileReference; lastKnownFileType = sourcecode.swift; path = SimpleWordScramble.swift; sourceTree = "<group>"; };
		F28495932584EA4D00D5E85E /* start.txt */ = {isa = PBXFileReference; fileEncoding = 4; lastKnownFileType = text; path = start.txt; sourceTree = "<group>"; };
		F28495962584F60B00D5E85E /* ChallengeWordScramble.swift */ = {isa = PBXFileReference; lastKnownFileType = sourcecode.swift; path = ChallengeWordScramble.swift; sourceTree = "<group>"; };
		F284959A2585BF5100D5E85E /* SimpleAnimation.swift */ = {isa = PBXFileReference; lastKnownFileType = sourcecode.swift; path = SimpleAnimation.swift; sourceTree = "<group>"; };
		F2B19CA8258F2A3D000650FC /* SimpleDraw.swift */ = {isa = PBXFileReference; lastKnownFileType = sourcecode.swift; path = SimpleDraw.swift; sourceTree = "<group>"; };
		F2B19CAB258F2C87000650FC /* SimpleShapeStyle.swift */ = {isa = PBXFileReference; lastKnownFileType = sourcecode.swift; path = SimpleShapeStyle.swift; sourceTree = "<group>"; };
		F2B19CAE258F2D3C000650FC /* SimpleShape.swift */ = {isa = PBXFileReference; lastKnownFileType = sourcecode.swift; path = SimpleShape.swift; sourceTree = "<group>"; };
		F2B19CB1258F3095000650FC /* SimpleCG.swift */ = {isa = PBXFileReference; lastKnownFileType = sourcecode.swift; path = SimpleCG.swift; sourceTree = "<group>"; };
		F2B19CB4258F3267000650FC /* SimpleImagePaint.swift */ = {isa = PBXFileReference; lastKnownFileType = sourcecode.swift; path = SimpleImagePaint.swift; sourceTree = "<group>"; };
		F2B19CB7258F3422000650FC /* SimpleMetal.swift */ = {isa = PBXFileReference; lastKnownFileType = sourcecode.swift; path = SimpleMetal.swift; sourceTree = "<group>"; };
		F2B19CBA258F35AC000650FC /* SimpleSpecialEffect.swift */ = {isa = PBXFileReference; lastKnownFileType = sourcecode.swift; path = SimpleSpecialEffect.swift; sourceTree = "<group>"; };
		F2B19CBD258F366D000650FC /* SimpleTrapezoid.swift */ = {isa = PBXFileReference; lastKnownFileType = sourcecode.swift; path = SimpleTrapezoid.swift; sourceTree = "<group>"; };
		F2B19CC1258F56F2000650FC /* SimpleCupcake.swift */ = {isa = PBXFileReference; lastKnownFileType = sourcecode.swift; path = SimpleCupcake.swift; sourceTree = "<group>"; };
		F2B19CC5258F58A4000650FC /* Songs.swift */ = {isa = PBXFileReference; lastKnownFileType = sourcecode.swift; path = Songs.swift; sourceTree = "<group>"; };
		F2B19CC8258F6871000650FC /* Order.swift */ = {isa = PBXFileReference; lastKnownFileType = sourcecode.swift; path = Order.swift; sourceTree = "<group>"; };
		F2B19CCB258F6A46000650FC /* CupCakeEntry.swift */ = {isa = PBXFileReference; lastKnownFileType = sourcecode.swift; path = CupCakeEntry.swift; sourceTree = "<group>"; };
		F2B19CCE258F6C33000650FC /* AddressView.swift */ = {isa = PBXFileReference; lastKnownFileType = sourcecode.swift; path = AddressView.swift; sourceTree = "<group>"; };
		F2B19CD1258F6CBE000650FC /* CheckoutView.swift */ = {isa = PBXFileReference; lastKnownFileType = sourcecode.swift; path = CheckoutView.swift; sourceTree = "<group>"; };
		F2D5AFBA257BC67E00B21E6E /* LoginFirstView.swift */ = {isa = PBXFileReference; lastKnownFileType = sourcecode.swift; path = LoginFirstView.swift; sourceTree = "<group>"; };
		F2D5AFBE257BC70400B21E6E /* Islogin.swift */ = {isa = PBXFileReference; lastKnownFileType = sourcecode.swift; path = Islogin.swift; sourceTree = "<group>"; };
		F2D5AFC1257BC8A700B21E6E /* LoginrootView.swift */ = {isa = PBXFileReference; lastKnownFileType = sourcecode.swift; path = LoginrootView.swift; sourceTree = "<group>"; };
		F2D5AFC4257BC98F00B21E6E /* LoginSecondView.swift */ = {isa = PBXFileReference; lastKnownFileType = sourcecode.swift; path = LoginSecondView.swift; sourceTree = "<group>"; };
		F2D71B1C258657A4008E973F /* SimpleScrollView.swift */ = {isa = PBXFileReference; lastKnownFileType = sourcecode.swift; path = SimpleScrollView.swift; sourceTree = "<group>"; };
		F2D71B20258791DF008E973F /* missions.json */ = {isa = PBXFileReference; fileEncoding = 4; lastKnownFileType = text.json; path = missions.json; sourceTree = "<group>"; };
		F2D71B21258791DF008E973F /* astronauts.json */ = {isa = PBXFileReference; fileEncoding = 4; lastKnownFileType = text.json; path = astronauts.json; sourceTree = "<group>"; };
		F2D71B29258792A3008E973F /* Astronaut.swift */ = {isa = PBXFileReference; lastKnownFileType = sourcecode.swift; path = Astronaut.swift; sourceTree = "<group>"; };
		F2D71B2C258792FB008E973F /* Bundle-Decodable.swift */ = {isa = PBXFileReference; lastKnownFileType = sourcecode.swift; path = "Bundle-Decodable.swift"; sourceTree = "<group>"; };
		F2D71B2F25879474008E973F /* SimpleMoonshotView.swift */ = {isa = PBXFileReference; lastKnownFileType = sourcecode.swift; path = SimpleMoonshotView.swift; sourceTree = "<group>"; };
		F2D71B3225879525008E973F /* Mission.swift */ = {isa = PBXFileReference; lastKnownFileType = sourcecode.swift; path = Mission.swift; sourceTree = "<group>"; };
		F2E142582585E85700EFB91B /* AddView.swift */ = {isa = PBXFileReference; lastKnownFileType = sourcecode.swift; path = AddView.swift; sourceTree = "<group>"; };
		F2E1425C2586335B00EFB91B /* ChallengeExpense.swift */ = {isa = PBXFileReference; lastKnownFileType = sourcecode.swift; path = ChallengeExpense.swift; sourceTree = "<group>"; };
		F2E1425F2586344D00EFB91B /* AddViewChallenge.swift */ = {isa = PBXFileReference; lastKnownFileType = sourcecode.swift; path = AddViewChallenge.swift; sourceTree = "<group>"; };
		F2EFF4A92584A268000E2428 /* SimpleStepperView.swift */ = {isa = PBXFileReference; lastKnownFileType = sourcecode.swift; path = SimpleStepperView.swift; sourceTree = "<group>"; };
		F2EFF4AE2584B494000E2428 /* SimpleBetterSleepView.swift */ = {isa = PBXFileReference; lastKnownFileType = sourcecode.swift; path = SimpleBetterSleepView.swift; sourceTree = "<group>"; };
		F2EFF4B22584B8AD000E2428 /* SleepCalculator.mlmodel */ = {isa = PBXFileReference; lastKnownFileType = file.mlmodel; path = SleepCalculator.mlmodel; sourceTree = "<group>"; };
/* End PBXFileReference section */

/* Begin PBXFrameworksBuildPhase section */
		F2623AE0257BB216006D91B7 /* Frameworks */ = {
			isa = PBXFrameworksBuildPhase;
			buildActionMask = 2147483647;
			files = (
			);
			runOnlyForDeploymentPostprocessing = 0;
		};
/* End PBXFrameworksBuildPhase section */

/* Begin PBXGroup section */
		F218F4AC2585D87B00946C47 /* StateUse */ = {
			isa = PBXGroup;
			children = (
				F218F4AD2585D88E00946C47 /* SimpleState.swift */,
				F218F4B12585E04300946C47 /* SimpleOndelete.swift */,
				F218F4B42585E2D500946C47 /* UserDefault.swift */,
			);
			path = StateUse;
			sourceTree = "<group>";
		};
		F218F4B72585E5AB00946C47 /* iExpense */ = {
			isa = PBXGroup;
			children = (
				F218F4B82585E5BB00946C47 /* SimpleExpense.swift */,
				F218F4BC2585E5EA00946C47 /* ExpenseItem.swift */,
				F218F4BF2585E62500946C47 /* Expenses.swift */,
				F2E142582585E85700EFB91B /* AddView.swift */,
				F2E1425C2586335B00EFB91B /* ChallengeExpense.swift */,
				F2E1425F2586344D00EFB91B /* AddViewChallenge.swift */,
			);
			path = iExpense;
			sourceTree = "<group>";
		};
		F2623ADA257BB216006D91B7 = {
			isa = PBXGroup;
			children = (
				F27AD215257FC46D00925DA5 /* MyPlayground.playground */,
				F2623AE5257BB216006D91B7 /* iOSCollector */,
				F2623AE4257BB216006D91B7 /* Products */,
			);
			sourceTree = "<group>";
		};
		F2623AE4257BB216006D91B7 /* Products */ = {
			isa = PBXGroup;
			children = (
				F2623AE3257BB216006D91B7 /* iOSCollector.app */,
			);
			name = Products;
			sourceTree = "<group>";
		};
		F2623AE5257BB216006D91B7 /* iOSCollector */ = {
			isa = PBXGroup;
			children = (
				F2B19CC0258F56CF000650FC /* CupcakeCorner */,
				F2B19CA7258F2A2B000650FC /* Draw */,
				F2D71B1F2587919A008E973F /* MoonShot */,
				F218F4B72585E5AB00946C47 /* iExpense */,
				F218F4AC2585D87B00946C47 /* StateUse */,
				F28495992585BF3800D5E85E /* Animation */,
				F284958D2584E7AD00D5E85E /* WordScramble */,
				F2EFF4AD2584B47D000E2428 /* BetterSleep */,
				F2EFF4A82584A24E000E2428 /* StepperView */,
				F27AD258258479B100925DA5 /* GuessRock */,
				F27AD2532584775700925DA5 /* BindingView */,
				F27AD24E2583BE6700925DA5 /* GridView */,
				F27AD2492583B43B00925DA5 /* DeepIntoView */,
				F27AD24425826BEA00925DA5 /* GuessFlag */,
				F27AD23F258269DB00925DA5 /* AlertView */,
				F27AD23A2582691D00925DA5 /* ImageView */,
				F27AD2172581176000925DA5 /* FormView */,
				F27AD207257E64E000925DA5 /* ObservedView */,
				F27AD1FF257D1ABD00925DA5 /* EnvView */,
				F2D5AFB9257BC65600B21E6E /* Login */,
				F2D5AFB7257BBFE500B21E6E /* NavigationView */,
				F2623AF6257BB518006D91B7 /* ViewList */,
				F2623AE6257BB216006D91B7 /* iOSCollectorApp.swift */,
				F2623AE8257BB216006D91B7 /* ContentView.swift */,
				F2623AEA257BB217006D91B7 /* Assets.xcassets */,
				F2623AEF257BB217006D91B7 /* Info.plist */,
				F28495932584EA4D00D5E85E /* start.txt */,
				F2D71B21258791DF008E973F /* astronauts.json */,
				F2D71B20258791DF008E973F /* missions.json */,
				F2EFF4B22584B8AD000E2428 /* SleepCalculator.mlmodel */,
				F2623AEC257BB217006D91B7 /* Preview Content */,
			);
			path = iOSCollector;
			sourceTree = "<group>";
		};
		F2623AEC257BB217006D91B7 /* Preview Content */ = {
			isa = PBXGroup;
			children = (
				F2623AED257BB217006D91B7 /* Preview Assets.xcassets */,
			);
			path = "Preview Content";
			sourceTree = "<group>";
		};
		F2623AF6257BB518006D91B7 /* ViewList */ = {
			isa = PBXGroup;
			children = (
				F2623AF7257BB538006D91B7 /* ListView.swift */,
			);
			path = ViewList;
			sourceTree = "<group>";
		};
		F27AD1FF257D1ABD00925DA5 /* EnvView */ = {
			isa = PBXGroup;
			children = (
				F27AD200257D1AE300925DA5 /* EnvironmentView.swift */,
				F27AD204257D1B3A00925DA5 /* MyModelObject.swift */,
			);
			path = EnvView;
			sourceTree = "<group>";
		};
		F27AD207257E64E000925DA5 /* ObservedView */ = {
			isa = PBXGroup;
			children = (
				F27AD208257E650300925DA5 /* PodcastPlayer.swift */,
				F27AD20C257E653100925DA5 /* EpisodesView.swift */,
				F27AD20F257E669300925DA5 /* NumberCount.swift */,
				F27AD212257E677700925DA5 /* NumberView.swift */,
			);
			path = ObservedView;
			sourceTree = "<group>";
		};
		F27AD2172581176000925DA5 /* FormView */ = {
			isa = PBXGroup;
			children = (
				F27AD2182581177200925DA5 /* FormView.swift */,
			);
			path = FormView;
			sourceTree = "<group>";
		};
		F27AD23A2582691D00925DA5 /* ImageView */ = {
			isa = PBXGroup;
			children = (
				F27AD23B2582693400925DA5 /* SwiftImageView.swift */,
				F2D71B1C258657A4008E973F /* SimpleScrollView.swift */,
			);
			path = ImageView;
			sourceTree = "<group>";
		};
		F27AD23F258269DB00925DA5 /* AlertView */ = {
			isa = PBXGroup;
			children = (
				F27AD240258269EB00925DA5 /* SwiftAlertView.swift */,
			);
			path = AlertView;
			sourceTree = "<group>";
		};
		F27AD24425826BEA00925DA5 /* GuessFlag */ = {
			isa = PBXGroup;
			children = (
				F27AD24625826C0C00925DA5 /* FlagView.swift */,
			);
			path = GuessFlag;
			sourceTree = "<group>";
		};
		F27AD2492583B43B00925DA5 /* DeepIntoView */ = {
			isa = PBXGroup;
			children = (
				F27AD24A2583B45500925DA5 /* SimpleView.swift */,
			);
			path = DeepIntoView;
			sourceTree = "<group>";
		};
		F27AD24E2583BE6700925DA5 /* GridView */ = {
			isa = PBXGroup;
			children = (
				F27AD24F2583BE8500925DA5 /* SimpleGridView.swift */,
			);
			path = GridView;
			sourceTree = "<group>";
		};
		F27AD2532584775700925DA5 /* BindingView */ = {
			isa = PBXGroup;
			children = (
				F27AD2542584776E00925DA5 /* SimpleBindingView.swift */,
			);
			path = BindingView;
			sourceTree = "<group>";
		};
		F27AD258258479B100925DA5 /* GuessRock */ = {
			isa = PBXGroup;
			children = (
				F27AD259258479CD00925DA5 /* GuessRockView.swift */,
			);
			path = GuessRock;
			sourceTree = "<group>";
		};
		F284958D2584E7AD00D5E85E /* WordScramble */ = {
			isa = PBXGroup;
			children = (
				F284958E2584E7DE00D5E85E /* SimpleWordScramble.swift */,
				F28495962584F60B00D5E85E /* ChallengeWordScramble.swift */,
			);
			path = WordScramble;
			sourceTree = "<group>";
		};
		F28495992585BF3800D5E85E /* Animation */ = {
			isa = PBXGroup;
			children = (
				F284959A2585BF5100D5E85E /* SimpleAnimation.swift */,
				F218F4A52585C50A00946C47 /* SimpleAnimationBinding.swift */,
				F218F4A82585C70200946C47 /* SimpleThreeD.swift */,
			);
			path = Animation;
			sourceTree = "<group>";
		};
		F2B19CA7258F2A2B000650FC /* Draw */ = {
			isa = PBXGroup;
			children = (
				F2B19CA8258F2A3D000650FC /* SimpleDraw.swift */,
				F2B19CB4258F3267000650FC /* SimpleImagePaint.swift */,
				F2B19CBA258F35AC000650FC /* SimpleSpecialEffect.swift */,
				F2B19CB7258F3422000650FC /* SimpleMetal.swift */,
				F2B19CAB258F2C87000650FC /* SimpleShapeStyle.swift */,
				F2B19CAE258F2D3C000650FC /* SimpleShape.swift */,
				F2B19CB1258F3095000650FC /* SimpleCG.swift */,
				F2B19CBD258F366D000650FC /* SimpleTrapezoid.swift */,
			);
			path = Draw;
			sourceTree = "<group>";
		};
		F2B19CC0258F56CF000650FC /* CupcakeCorner */ = {
			isa = PBXGroup;
			children = (
				F2B19CC1258F56F2000650FC /* SimpleCupcake.swift */,
				F2B19CC8258F6871000650FC /* Order.swift */,
				F2B19CCE258F6C33000650FC /* AddressView.swift */,
				F2B19CC5258F58A4000650FC /* Songs.swift */,
				F2B19CCB258F6A46000650FC /* CupCakeEntry.swift */,
				F2B19CD1258F6CBE000650FC /* CheckoutView.swift */,
			);
			path = CupcakeCorner;
			sourceTree = "<group>";
		};
		F2D5AFB7257BBFE500B21E6E /* NavigationView */ = {
			isa = PBXGroup;
			children = (
				F2623AFB257BBC1F006D91B7 /* NaviLinkView.swift */,
			);
			path = NavigationView;
			sourceTree = "<group>";
		};
		F2D5AFB9257BC65600B21E6E /* Login */ = {
			isa = PBXGroup;
			children = (
				F2D5AFBA257BC67E00B21E6E /* LoginFirstView.swift */,
				F2D5AFBE257BC70400B21E6E /* Islogin.swift */,
				F2D5AFC1257BC8A700B21E6E /* LoginrootView.swift */,
				F2D5AFC4257BC98F00B21E6E /* LoginSecondView.swift */,
			);
			path = Login;
			sourceTree = "<group>";
		};
		F2D71B1F2587919A008E973F /* MoonShot */ = {
			isa = PBXGroup;
			children = (
				F2D71B29258792A3008E973F /* Astronaut.swift */,
				F2D71B2C258792FB008E973F /* Bundle-Decodable.swift */,
				F2D71B2F25879474008E973F /* SimpleMoonshotView.swift */,
				F27FE5F42587A17100EAC019 /* AstronautView.swift */,
				F27FE5F125879E9B00EAC019 /* MissionView.swift */,
				F2D71B3225879525008E973F /* Mission.swift */,
				F27FE5F7258A3B2A00EAC019 /* ChallengeMoonshot.swift */,
				F27FE5FA258A3E5100EAC019 /* ChallengeAstronautView.swift */,
			);
			path = MoonShot;
			sourceTree = "<group>";
		};
		F2EFF4A82584A24E000E2428 /* StepperView */ = {
			isa = PBXGroup;
			children = (
				F2EFF4A92584A268000E2428 /* SimpleStepperView.swift */,
			);
			path = StepperView;
			sourceTree = "<group>";
		};
		F2EFF4AD2584B47D000E2428 /* BetterSleep */ = {
			isa = PBXGroup;
			children = (
				F2EFF4AE2584B494000E2428 /* SimpleBetterSleepView.swift */,
				F24B12F12584D53300BFF1D5 /* SectionBetterSleepView.swift */,
			);
			path = BetterSleep;
			sourceTree = "<group>";
		};
/* End PBXGroup section */

/* Begin PBXNativeTarget section */
		F2623AE2257BB216006D91B7 /* iOSCollector */ = {
			isa = PBXNativeTarget;
			buildConfigurationList = F2623AF2257BB217006D91B7 /* Build configuration list for PBXNativeTarget "iOSCollector" */;
			buildPhases = (
				F2623ADF257BB216006D91B7 /* Sources */,
				F2623AE0257BB216006D91B7 /* Frameworks */,
				F2623AE1257BB216006D91B7 /* Resources */,
			);
			buildRules = (
			);
			dependencies = (
			);
			name = iOSCollector;
			productName = iOSCollector;
			productReference = F2623AE3257BB216006D91B7 /* iOSCollector.app */;
			productType = "com.apple.product-type.application";
		};
/* End PBXNativeTarget section */

/* Begin PBXProject section */
		F2623ADB257BB216006D91B7 /* Project object */ = {
			isa = PBXProject;
			attributes = {
				LastSwiftUpdateCheck = 1220;
				LastUpgradeCheck = 1220;
				TargetAttributes = {
					F2623AE2257BB216006D91B7 = {
						CreatedOnToolsVersion = 12.2;
					};
				};
			};
			buildConfigurationList = F2623ADE257BB216006D91B7 /* Build configuration list for PBXProject "iOSCollector" */;
			compatibilityVersion = "Xcode 9.3";
			developmentRegion = en;
			hasScannedForEncodings = 0;
			knownRegions = (
				en,
				Base,
			);
			mainGroup = F2623ADA257BB216006D91B7;
			productRefGroup = F2623AE4257BB216006D91B7 /* Products */;
			projectDirPath = "";
			projectRoot = "";
			targets = (
				F2623AE2257BB216006D91B7 /* iOSCollector */,
			);
		};
/* End PBXProject section */

/* Begin PBXResourcesBuildPhase section */
		F2623AE1257BB216006D91B7 /* Resources */ = {
			isa = PBXResourcesBuildPhase;
			buildActionMask = 2147483647;
			files = (
				F2623AEE257BB217006D91B7 /* Preview Assets.xcassets in Resources */,
				F28495942584EA4D00D5E85E /* start.txt in Resources */,
				F2D71B22258791DF008E973F /* missions.json in Resources */,
				F2D71B23258791DF008E973F /* astronauts.json in Resources */,
				F2623AEB257BB217006D91B7 /* Assets.xcassets in Resources */,
			);
			runOnlyForDeploymentPostprocessing = 0;
		};
/* End PBXResourcesBuildPhase section */

/* Begin PBXSourcesBuildPhase section */
		F2623ADF257BB216006D91B7 /* Sources */ = {
			isa = PBXSourcesBuildPhase;
			buildActionMask = 2147483647;
			files = (
				F27AD20D257E653100925DA5 /* EpisodesView.swift in Sources */,
				F27AD25A258479CD00925DA5 /* GuessRockView.swift in Sources */,
				F218F4C02585E62500946C47 /* Expenses.swift in Sources */,
				F2D71B2A258792A3008E973F /* Astronaut.swift in Sources */,
				F2B19CC6258F58A4000650FC /* Songs.swift in Sources */,
				F2B19CB8258F3422000650FC /* SimpleMetal.swift in Sources */,
				F2D71B2D258792FB008E973F /* Bundle-Decodable.swift in Sources */,
				F27AD24B2583B45500925DA5 /* SimpleView.swift in Sources */,
				F2D5AFC5257BC98F00B21E6E /* LoginSecondView.swift in Sources */,
				F27AD241258269EB00925DA5 /* SwiftAlertView.swift in Sources */,
				F2623AE9257BB216006D91B7 /* ContentView.swift in Sources */,
				F218F4A62585C50A00946C47 /* SimpleAnimationBinding.swift in Sources */,
				F27FE5F52587A17100EAC019 /* AstronautView.swift in Sources */,
				F2E142602586344D00EFB91B /* AddViewChallenge.swift in Sources */,
				F218F4B22585E04300946C47 /* SimpleOndelete.swift in Sources */,
				F284958F2584E7DE00D5E85E /* SimpleWordScramble.swift in Sources */,
				F2E142592585E85700EFB91B /* AddView.swift in Sources */,
				F2B19CD2258F6CBE000650FC /* CheckoutView.swift in Sources */,
				F27AD24725826C0C00925DA5 /* FlagView.swift in Sources */,
				F2D5AFBB257BC67E00B21E6E /* LoginFirstView.swift in Sources */,
				F218F4A92585C70200946C47 /* SimpleThreeD.swift in Sources */,
				F218F4B52585E2D500946C47 /* UserDefault.swift in Sources */,
				F2623AE7257BB216006D91B7 /* iOSCollectorApp.swift in Sources */,
				F2D5AFC2257BC8A700B21E6E /* LoginrootView.swift in Sources */,
				F24B12F22584D53300BFF1D5 /* SectionBetterSleepView.swift in Sources */,
				F2D5AFBF257BC70400B21E6E /* Islogin.swift in Sources */,
				F27AD2552584776E00925DA5 /* SimpleBindingView.swift in Sources */,
				F2EFF4B32584B8AD000E2428 /* SleepCalculator.mlmodel in Sources */,
				F2B19CB2258F3095000650FC /* SimpleCG.swift in Sources */,
				F27AD209257E650300925DA5 /* PodcastPlayer.swift in Sources */,
				F2B19CBB258F35AC000650FC /* SimpleSpecialEffect.swift in Sources */,
				F27AD210257E669300925DA5 /* NumberCount.swift in Sources */,
				F27AD205257D1B3A00925DA5 /* MyModelObject.swift in Sources */,
				F27FE5F8258A3B2A00EAC019 /* ChallengeMoonshot.swift in Sources */,
				F2B19CC2258F56F2000650FC /* SimpleCupcake.swift in Sources */,
				F2B19CAC258F2C87000650FC /* SimpleShapeStyle.swift in Sources */,
				F27FE5FB258A3E5100EAC019 /* ChallengeAstronautView.swift in Sources */,
				F28495972584F60B00D5E85E /* ChallengeWordScramble.swift in Sources */,
				F2B19CCF258F6C33000650FC /* AddressView.swift in Sources */,
				F2EFF4AA2584A268000E2428 /* SimpleStepperView.swift in Sources */,
				F2B19CBE258F366D000650FC /* SimpleTrapezoid.swift in Sources */,
				F2B19CB5258F3267000650FC /* SimpleImagePaint.swift in Sources */,
				F27AD23C2582693400925DA5 /* SwiftImageView.swift in Sources */,
				F2D71B1D258657A4008E973F /* SimpleScrollView.swift in Sources */,
				F2B19CC9258F6871000650FC /* Order.swift in Sources */,
				F218F4B92585E5BB00946C47 /* SimpleExpense.swift in Sources */,
				F218F4AE2585D88E00946C47 /* SimpleState.swift in Sources */,
				F27FE5F225879E9B00EAC019 /* MissionView.swift in Sources */,
				F2D71B3325879525008E973F /* Mission.swift in Sources */,
				F27AD2502583BE8500925DA5 /* SimpleGridView.swift in Sources */,
				F2EFF4AF2584B494000E2428 /* SimpleBetterSleepView.swift in Sources */,
				F2E1425D2586335B00EFB91B /* ChallengeExpense.swift in Sources */,
				F2623AFC257BBC1F006D91B7 /* NaviLinkView.swift in Sources */,
				F2B19CAF258F2D3C000650FC /* SimpleShape.swift in Sources */,
				F27AD201257D1AE300925DA5 /* EnvironmentView.swift in Sources */,
				F218F4BD2585E5EA00946C47 /* ExpenseItem.swift in Sources */,
				F2D71B3025879474008E973F /* SimpleMoonshotView.swift in Sources */,
				F2B19CCC258F6A46000650FC /* CupCakeEntry.swift in Sources */,
				F284959B2585BF5100D5E85E /* SimpleAnimation.swift in Sources */,
				F27AD2192581177200925DA5 /* FormView.swift in Sources */,
				F2B19CA9258F2A3D000650FC /* SimpleDraw.swift in Sources */,
				F2623AF8257BB538006D91B7 /* ListView.swift in Sources */,
				F27AD213257E677700925DA5 /* NumberView.swift in Sources */,
			);
			runOnlyForDeploymentPostprocessing = 0;
		};
/* End PBXSourcesBuildPhase section */

/* Begin XCBuildConfiguration section */
		F2623AF0257BB217006D91B7 /* Debug */ = {
			isa = XCBuildConfiguration;
			buildSettings = {
				ALWAYS_SEARCH_USER_PATHS = NO;
				CLANG_ANALYZER_NONNULL = YES;
				CLANG_ANALYZER_NUMBER_OBJECT_CONVERSION = YES_AGGRESSIVE;
				CLANG_CXX_LANGUAGE_STANDARD = "gnu++14";
				CLANG_CXX_LIBRARY = "libc++";
				CLANG_ENABLE_MODULES = YES;
				CLANG_ENABLE_OBJC_ARC = YES;
				CLANG_ENABLE_OBJC_WEAK = YES;
				CLANG_WARN_BLOCK_CAPTURE_AUTORELEASING = YES;
				CLANG_WARN_BOOL_CONVERSION = YES;
				CLANG_WARN_COMMA = YES;
				CLANG_WARN_CONSTANT_CONVERSION = YES;
				CLANG_WARN_DEPRECATED_OBJC_IMPLEMENTATIONS = YES;
				CLANG_WARN_DIRECT_OBJC_ISA_USAGE = YES_ERROR;
				CLANG_WARN_DOCUMENTATION_COMMENTS = YES;
				CLANG_WARN_EMPTY_BODY = YES;
				CLANG_WARN_ENUM_CONVERSION = YES;
				CLANG_WARN_INFINITE_RECURSION = YES;
				CLANG_WARN_INT_CONVERSION = YES;
				CLANG_WARN_NON_LITERAL_NULL_CONVERSION = YES;
				CLANG_WARN_OBJC_IMPLICIT_RETAIN_SELF = YES;
				CLANG_WARN_OBJC_LITERAL_CONVERSION = YES;
				CLANG_WARN_OBJC_ROOT_CLASS = YES_ERROR;
				CLANG_WARN_QUOTED_INCLUDE_IN_FRAMEWORK_HEADER = YES;
				CLANG_WARN_RANGE_LOOP_ANALYSIS = YES;
				CLANG_WARN_STRICT_PROTOTYPES = YES;
				CLANG_WARN_SUSPICIOUS_MOVE = YES;
				CLANG_WARN_UNGUARDED_AVAILABILITY = YES_AGGRESSIVE;
				CLANG_WARN_UNREACHABLE_CODE = YES;
				CLANG_WARN__DUPLICATE_METHOD_MATCH = YES;
				COPY_PHASE_STRIP = NO;
				DEBUG_INFORMATION_FORMAT = dwarf;
				ENABLE_STRICT_OBJC_MSGSEND = YES;
				ENABLE_TESTABILITY = YES;
				GCC_C_LANGUAGE_STANDARD = gnu11;
				GCC_DYNAMIC_NO_PIC = NO;
				GCC_NO_COMMON_BLOCKS = YES;
				GCC_OPTIMIZATION_LEVEL = 0;
				GCC_PREPROCESSOR_DEFINITIONS = (
					"DEBUG=1",
					"$(inherited)",
				);
				GCC_WARN_64_TO_32_BIT_CONVERSION = YES;
				GCC_WARN_ABOUT_RETURN_TYPE = YES_ERROR;
				GCC_WARN_UNDECLARED_SELECTOR = YES;
				GCC_WARN_UNINITIALIZED_AUTOS = YES_AGGRESSIVE;
				GCC_WARN_UNUSED_FUNCTION = YES;
				GCC_WARN_UNUSED_VARIABLE = YES;
				IPHONEOS_DEPLOYMENT_TARGET = 14.2;
				MTL_ENABLE_DEBUG_INFO = INCLUDE_SOURCE;
				MTL_FAST_MATH = YES;
				ONLY_ACTIVE_ARCH = YES;
				SDKROOT = iphoneos;
				SWIFT_ACTIVE_COMPILATION_CONDITIONS = DEBUG;
				SWIFT_OPTIMIZATION_LEVEL = "-Onone";
			};
			name = Debug;
		};
		F2623AF1257BB217006D91B7 /* Release */ = {
			isa = XCBuildConfiguration;
			buildSettings = {
				ALWAYS_SEARCH_USER_PATHS = NO;
				CLANG_ANALYZER_NONNULL = YES;
				CLANG_ANALYZER_NUMBER_OBJECT_CONVERSION = YES_AGGRESSIVE;
				CLANG_CXX_LANGUAGE_STANDARD = "gnu++14";
				CLANG_CXX_LIBRARY = "libc++";
				CLANG_ENABLE_MODULES = YES;
				CLANG_ENABLE_OBJC_ARC = YES;
				CLANG_ENABLE_OBJC_WEAK = YES;
				CLANG_WARN_BLOCK_CAPTURE_AUTORELEASING = YES;
				CLANG_WARN_BOOL_CONVERSION = YES;
				CLANG_WARN_COMMA = YES;
				CLANG_WARN_CONSTANT_CONVERSION = YES;
				CLANG_WARN_DEPRECATED_OBJC_IMPLEMENTATIONS = YES;
				CLANG_WARN_DIRECT_OBJC_ISA_USAGE = YES_ERROR;
				CLANG_WARN_DOCUMENTATION_COMMENTS = YES;
				CLANG_WARN_EMPTY_BODY = YES;
				CLANG_WARN_ENUM_CONVERSION = YES;
				CLANG_WARN_INFINITE_RECURSION = YES;
				CLANG_WARN_INT_CONVERSION = YES;
				CLANG_WARN_NON_LITERAL_NULL_CONVERSION = YES;
				CLANG_WARN_OBJC_IMPLICIT_RETAIN_SELF = YES;
				CLANG_WARN_OBJC_LITERAL_CONVERSION = YES;
				CLANG_WARN_OBJC_ROOT_CLASS = YES_ERROR;
				CLANG_WARN_QUOTED_INCLUDE_IN_FRAMEWORK_HEADER = YES;
				CLANG_WARN_RANGE_LOOP_ANALYSIS = YES;
				CLANG_WARN_STRICT_PROTOTYPES = YES;
				CLANG_WARN_SUSPICIOUS_MOVE = YES;
				CLANG_WARN_UNGUARDED_AVAILABILITY = YES_AGGRESSIVE;
				CLANG_WARN_UNREACHABLE_CODE = YES;
				CLANG_WARN__DUPLICATE_METHOD_MATCH = YES;
				COPY_PHASE_STRIP = NO;
				DEBUG_INFORMATION_FORMAT = "dwarf-with-dsym";
				ENABLE_NS_ASSERTIONS = NO;
				ENABLE_STRICT_OBJC_MSGSEND = YES;
				GCC_C_LANGUAGE_STANDARD = gnu11;
				GCC_NO_COMMON_BLOCKS = YES;
				GCC_WARN_64_TO_32_BIT_CONVERSION = YES;
				GCC_WARN_ABOUT_RETURN_TYPE = YES_ERROR;
				GCC_WARN_UNDECLARED_SELECTOR = YES;
				GCC_WARN_UNINITIALIZED_AUTOS = YES_AGGRESSIVE;
				GCC_WARN_UNUSED_FUNCTION = YES;
				GCC_WARN_UNUSED_VARIABLE = YES;
				IPHONEOS_DEPLOYMENT_TARGET = 14.2;
				MTL_ENABLE_DEBUG_INFO = NO;
				MTL_FAST_MATH = YES;
				SDKROOT = iphoneos;
				SWIFT_COMPILATION_MODE = wholemodule;
				SWIFT_OPTIMIZATION_LEVEL = "-O";
				VALIDATE_PRODUCT = YES;
			};
			name = Release;
		};
		F2623AF3257BB217006D91B7 /* Debug */ = {
			isa = XCBuildConfiguration;
			buildSettings = {
				ASSETCATALOG_COMPILER_APPICON_NAME = AppIcon;
				ASSETCATALOG_COMPILER_GLOBAL_ACCENT_COLOR_NAME = AccentColor;
				CODE_SIGN_STYLE = Automatic;
				DEVELOPMENT_ASSET_PATHS = "\"iOSCollector/Preview Content\"";
				DEVELOPMENT_TEAM = QWV52N85NL;
				ENABLE_PREVIEWS = YES;
				INFOPLIST_FILE = iOSCollector/Info.plist;
				IPHONEOS_DEPLOYMENT_TARGET = 14.0;
				LD_RUNPATH_SEARCH_PATHS = (
					"$(inherited)",
					"@executable_path/Frameworks",
				);
				PRODUCT_BUNDLE_IDENTIFIER = com.apps.iOSCollector;
				PRODUCT_NAME = "$(TARGET_NAME)";
				SWIFT_VERSION = 5.0;
				TARGETED_DEVICE_FAMILY = "1,2";
			};
			name = Debug;
		};
		F2623AF4257BB217006D91B7 /* Release */ = {
			isa = XCBuildConfiguration;
			buildSettings = {
				ASSETCATALOG_COMPILER_APPICON_NAME = AppIcon;
				ASSETCATALOG_COMPILER_GLOBAL_ACCENT_COLOR_NAME = AccentColor;
				CODE_SIGN_STYLE = Automatic;
				DEVELOPMENT_ASSET_PATHS = "\"iOSCollector/Preview Content\"";
				DEVELOPMENT_TEAM = QWV52N85NL;
				ENABLE_PREVIEWS = YES;
				INFOPLIST_FILE = iOSCollector/Info.plist;
				IPHONEOS_DEPLOYMENT_TARGET = 14.0;
				LD_RUNPATH_SEARCH_PATHS = (
					"$(inherited)",
					"@executable_path/Frameworks",
				);
				PRODUCT_BUNDLE_IDENTIFIER = com.apps.iOSCollector;
				PRODUCT_NAME = "$(TARGET_NAME)";
				SWIFT_VERSION = 5.0;
				TARGETED_DEVICE_FAMILY = "1,2";
			};
			name = Release;
		};
/* End XCBuildConfiguration section */

/* Begin XCConfigurationList section */
		F2623ADE257BB216006D91B7 /* Build configuration list for PBXProject "iOSCollector" */ = {
			isa = XCConfigurationList;
			buildConfigurations = (
				F2623AF0257BB217006D91B7 /* Debug */,
				F2623AF1257BB217006D91B7 /* Release */,
			);
			defaultConfigurationIsVisible = 0;
			defaultConfigurationName = Release;
		};
		F2623AF2257BB217006D91B7 /* Build configuration list for PBXNativeTarget "iOSCollector" */ = {
			isa = XCConfigurationList;
			buildConfigurations = (
				F2623AF3257BB217006D91B7 /* Debug */,
				F2623AF4257BB217006D91B7 /* Release */,
			);
			defaultConfigurationIsVisible = 0;
			defaultConfigurationName = Release;
		};
/* End XCConfigurationList section */
	};
	rootObject = F2623ADB257BB216006D91B7 /* Project object */;
}
